// !$*UTF8*$!
{
	archiveVersion = 1;
	classes = {
	};
	objectVersion = 50;
	objects = {

/* Begin PBXBuildFile section */
		5295FE42265C7F4E00AE007F /* AppDelegate.swift in Sources */ = {isa = PBXBuildFile; fileRef = 5295FE41265C7F4E00AE007F /* AppDelegate.swift */; };
		5295FE44265C7F4E00AE007F /* GameScene.sks in Resources */ = {isa = PBXBuildFile; fileRef = 5295FE43265C7F4E00AE007F /* GameScene.sks */; };
		5295FE46265C7F4E00AE007F /* Actions.sks in Resources */ = {isa = PBXBuildFile; fileRef = 5295FE45265C7F4E00AE007F /* Actions.sks */; };
		5295FE48265C7F4E00AE007F /* GameScene.swift in Sources */ = {isa = PBXBuildFile; fileRef = 5295FE47265C7F4E00AE007F /* GameScene.swift */; };
		5295FE4A265C7F4E00AE007F /* ViewController.swift in Sources */ = {isa = PBXBuildFile; fileRef = 5295FE49265C7F4E00AE007F /* ViewController.swift */; };
		5295FE4C265C7F5300AE007F /* Assets.xcassets in Resources */ = {isa = PBXBuildFile; fileRef = 5295FE4B265C7F5300AE007F /* Assets.xcassets */; };
		5295FE4F265C7F5300AE007F /* Main.storyboard in Resources */ = {isa = PBXBuildFile; fileRef = 5295FE4D265C7F5300AE007F /* Main.storyboard */; };
		52A84F1D274D6BC800D67103 /* IceShard.sks in Resources */ = {isa = PBXBuildFile; fileRef = 52A84F1C274D6BC800D67103 /* IceShard.sks */; };
		8B91EB902768F5AD008B2B30 /* IceShard.swift in Sources */ = {isa = PBXBuildFile; fileRef = 8B91EB8F2768F5AD008B2B30 /* IceShard.swift */; };
		8BF7D35D277B77CE00CC30A6 /* icespike1.mp3 in Resources */ = {isa = PBXBuildFile; fileRef = 8BF7D359277B77CE00CC30A6 /* icespike1.mp3 */; };
		8BF7D35E277B77CE00CC30A6 /* icespike2.mp3 in Resources */ = {isa = PBXBuildFile; fileRef = 8BF7D35A277B77CE00CC30A6 /* icespike2.mp3 */; };
		8BF7D35F277B77CE00CC30A6 /* icespike3.mp3 in Resources */ = {isa = PBXBuildFile; fileRef = 8BF7D35B277B77CE00CC30A6 /* icespike3.mp3 */; };
		8BF7D360277B77CE00CC30A6 /* coldcast.wav in Resources */ = {isa = PBXBuildFile; fileRef = 8BF7D35C277B77CE00CC30A6 /* coldcast.wav */; };
/* End PBXBuildFile section */

/* Begin PBXFileReference section */
		5295FE3E265C7F4E00AE007F /* movementTest.app */ = {isa = PBXFileReference; explicitFileType = wrapper.application; includeInIndex = 0; path = movementTest.app; sourceTree = BUILT_PRODUCTS_DIR; };
		5295FE41265C7F4E00AE007F /* AppDelegate.swift */ = {isa = PBXFileReference; lastKnownFileType = sourcecode.swift; path = AppDelegate.swift; sourceTree = "<group>"; };
		5295FE43265C7F4E00AE007F /* GameScene.sks */ = {isa = PBXFileReference; lastKnownFileType = file.sks; path = GameScene.sks; sourceTree = "<group>"; };
		5295FE45265C7F4E00AE007F /* Actions.sks */ = {isa = PBXFileReference; lastKnownFileType = file.sks; path = Actions.sks; sourceTree = "<group>"; };
		5295FE47265C7F4E00AE007F /* GameScene.swift */ = {isa = PBXFileReference; lastKnownFileType = sourcecode.swift; path = GameScene.swift; sourceTree = "<group>"; };
		5295FE49265C7F4E00AE007F /* ViewController.swift */ = {isa = PBXFileReference; lastKnownFileType = sourcecode.swift; path = ViewController.swift; sourceTree = "<group>"; };
		5295FE4B265C7F5300AE007F /* Assets.xcassets */ = {isa = PBXFileReference; lastKnownFileType = folder.assetcatalog; path = Assets.xcassets; sourceTree = "<group>"; };
		5295FE4E265C7F5300AE007F /* Base */ = {isa = PBXFileReference; lastKnownFileType = file.storyboard; name = Base; path = Base.lproj/Main.storyboard; sourceTree = "<group>"; };
		5295FE50265C7F5300AE007F /* Info.plist */ = {isa = PBXFileReference; lastKnownFileType = text.plist.xml; path = Info.plist; sourceTree = "<group>"; };
		5295FE51265C7F5300AE007F /* movementTest.entitlements */ = {isa = PBXFileReference; lastKnownFileType = text.plist.entitlements; path = movementTest.entitlements; sourceTree = "<group>"; };
		52A84F1C274D6BC800D67103 /* IceShard.sks */ = {isa = PBXFileReference; lastKnownFileType = file.sks; path = IceShard.sks; sourceTree = "<group>"; };
		8B91EB8F2768F5AD008B2B30 /* IceShard.swift */ = {isa = PBXFileReference; lastKnownFileType = sourcecode.swift; path = IceShard.swift; sourceTree = "<group>"; };
		8BF7D359277B77CE00CC30A6 /* icespike1.mp3 */ = {isa = PBXFileReference; lastKnownFileType = audio.mp3; path = icespike1.mp3; sourceTree = "<group>"; };
		8BF7D35A277B77CE00CC30A6 /* icespike2.mp3 */ = {isa = PBXFileReference; lastKnownFileType = audio.mp3; path = icespike2.mp3; sourceTree = "<group>"; };
		8BF7D35B277B77CE00CC30A6 /* icespike3.mp3 */ = {isa = PBXFileReference; lastKnownFileType = audio.mp3; path = icespike3.mp3; sourceTree = "<group>"; };
		8BF7D35C277B77CE00CC30A6 /* coldcast.wav */ = {isa = PBXFileReference; lastKnownFileType = audio.wav; path = coldcast.wav; sourceTree = "<group>"; };
/* End PBXFileReference section */

/* Begin PBXFrameworksBuildPhase section */
		5295FE3B265C7F4E00AE007F /* Frameworks */ = {
			isa = PBXFrameworksBuildPhase;
			buildActionMask = 2147483647;
			files = (
			);
			runOnlyForDeploymentPostprocessing = 0;
		};
/* End PBXFrameworksBuildPhase section */

/* Begin PBXGroup section */
		5295FE35265C7F4E00AE007F = {
			isa = PBXGroup;
			children = (
				5295FE40265C7F4E00AE007F /* movementTest */,
				5295FE3F265C7F4E00AE007F /* Products */,
			);
			sourceTree = "<group>";
		};
		5295FE3F265C7F4E00AE007F /* Products */ = {
			isa = PBXGroup;
			children = (
				5295FE3E265C7F4E00AE007F /* movementTest.app */,
			);
			name = Products;
			sourceTree = "<group>";
		};
		5295FE40265C7F4E00AE007F /* movementTest */ = {
			isa = PBXGroup;
			children = (
				5295FE41265C7F4E00AE007F /* AppDelegate.swift */,
				5295FE49265C7F4E00AE007F /* ViewController.swift */,
				5295FE47265C7F4E00AE007F /* GameScene.swift */,
				8B91EB8F2768F5AD008B2B30 /* IceShard.swift */,
				5295FE43265C7F4E00AE007F /* GameScene.sks */,
				5295FE45265C7F4E00AE007F /* Actions.sks */,
				52A84F1C274D6BC800D67103 /* IceShard.sks */,
				8BF7D361277B77D500CC30A6 /* Sounds */,
				5295FE4B265C7F5300AE007F /* Assets.xcassets */,
				5295FE4D265C7F5300AE007F /* Main.storyboard */,
				5295FE50265C7F5300AE007F /* Info.plist */,
				5295FE51265C7F5300AE007F /* movementTest.entitlements */,
			);
			path = movementTest;
			sourceTree = "<group>";
		};
		8BF7D361277B77D500CC30A6 /* Sounds */ = {
			isa = PBXGroup;
			children = (
				8BF7D35C277B77CE00CC30A6 /* coldcast.wav */,
				8BF7D359277B77CE00CC30A6 /* icespike1.mp3 */,
				8BF7D35A277B77CE00CC30A6 /* icespike2.mp3 */,
				8BF7D35B277B77CE00CC30A6 /* icespike3.mp3 */,
			);
			path = Sounds;
			sourceTree = "<group>";
		};
/* End PBXGroup section */

/* Begin PBXNativeTarget section */
		5295FE3D265C7F4E00AE007F /* movementTest */ = {
			isa = PBXNativeTarget;
			buildConfigurationList = 5295FE54265C7F5300AE007F /* Build configuration list for PBXNativeTarget "movementTest" */;
			buildPhases = (
				5295FE3A265C7F4E00AE007F /* Sources */,
				5295FE3B265C7F4E00AE007F /* Frameworks */,
				5295FE3C265C7F4E00AE007F /* Resources */,
			);
			buildRules = (
			);
			dependencies = (
			);
			name = movementTest;
			productName = movementTest;
			productReference = 5295FE3E265C7F4E00AE007F /* movementTest.app */;
			productType = "com.apple.product-type.application";
		};
/* End PBXNativeTarget section */

/* Begin PBXProject section */
		5295FE36265C7F4E00AE007F /* Project object */ = {
			isa = PBXProject;
			attributes = {
				LastSwiftUpdateCheck = 1250;
				LastUpgradeCheck = 1250;
				TargetAttributes = {
					5295FE3D265C7F4E00AE007F = {
						CreatedOnToolsVersion = 12.5;
					};
				};
			};
			buildConfigurationList = 5295FE39265C7F4E00AE007F /* Build configuration list for PBXProject "movementTest" */;
			compatibilityVersion = "Xcode 9.3";
			developmentRegion = en;
			hasScannedForEncodings = 0;
			knownRegions = (
				en,
				Base,
			);
			mainGroup = 5295FE35265C7F4E00AE007F;
			productRefGroup = 5295FE3F265C7F4E00AE007F /* Products */;
			projectDirPath = "";
			projectRoot = "";
			targets = (
				5295FE3D265C7F4E00AE007F /* movementTest */,
			);
		};
/* End PBXProject section */

/* Begin PBXResourcesBuildPhase section */
		5295FE3C265C7F4E00AE007F /* Resources */ = {
			isa = PBXResourcesBuildPhase;
			buildActionMask = 2147483647;
			files = (
				5295FE44265C7F4E00AE007F /* GameScene.sks in Resources */,
				8BF7D35D277B77CE00CC30A6 /* icespike1.mp3 in Resources */,
				5295FE4C265C7F5300AE007F /* Assets.xcassets in Resources */,
				8BF7D360277B77CE00CC30A6 /* coldcast.wav in Resources */,
				8BF7D35F277B77CE00CC30A6 /* icespike3.mp3 in Resources */,
				52A84F1D274D6BC800D67103 /* IceShard.sks in Resources */,
				5295FE46265C7F4E00AE007F /* Actions.sks in Resources */,
				8BF7D35E277B77CE00CC30A6 /* icespike2.mp3 in Resources */,
				5295FE4F265C7F5300AE007F /* Main.storyboard in Resources */,
			);
			runOnlyForDeploymentPostprocessing = 0;
		};
/* End PBXResourcesBuildPhase section */

/* Begin PBXSourcesBuildPhase section */
		5295FE3A265C7F4E00AE007F /* Sources */ = {
			isa = PBXSourcesBuildPhase;
			buildActionMask = 2147483647;
			files = (
				8B91EB902768F5AD008B2B30 /* IceShard.swift in Sources */,
				5295FE4A265C7F4E00AE007F /* ViewController.swift in Sources */,
				5295FE48265C7F4E00AE007F /* GameScene.swift in Sources */,
				5295FE42265C7F4E00AE007F /* AppDelegate.swift in Sources */,
			);
			runOnlyForDeploymentPostprocessing = 0;
		};
/* End PBXSourcesBuildPhase section */

/* Begin PBXVariantGroup section */
		5295FE4D265C7F5300AE007F /* Main.storyboard */ = {
			isa = PBXVariantGroup;
			children = (
				5295FE4E265C7F5300AE007F /* Base */,
			);
			name = Main.storyboard;
			sourceTree = "<group>";
		};
/* End PBXVariantGroup section */

/* Begin XCBuildConfiguration section */
		5295FE52265C7F5300AE007F /* Debug */ = {
			isa = XCBuildConfiguration;
			buildSettings = {
				ALWAYS_SEARCH_USER_PATHS = NO;
				CLANG_ANALYZER_NONNULL = YES;
				CLANG_ANALYZER_NUMBER_OBJECT_CONVERSION = YES_AGGRESSIVE;
				CLANG_CXX_LANGUAGE_STANDARD = "gnu++14";
				CLANG_CXX_LIBRARY = "libc++";
				CLANG_ENABLE_MODULES = YES;
				CLANG_ENABLE_OBJC_ARC = YES;
				CLANG_ENABLE_OBJC_WEAK = YES;
				CLANG_WARN_BLOCK_CAPTURE_AUTORELEASING = YES;
				CLANG_WARN_BOOL_CONVERSION = YES;
				CLANG_WARN_COMMA = YES;
				CLANG_WARN_CONSTANT_CONVERSION = YES;
				CLANG_WARN_DEPRECATED_OBJC_IMPLEMENTATIONS = YES;
				CLANG_WARN_DIRECT_OBJC_ISA_USAGE = YES_ERROR;
				CLANG_WARN_DOCUMENTATION_COMMENTS = YES;
				CLANG_WARN_EMPTY_BODY = YES;
				CLANG_WARN_ENUM_CONVERSION = YES;
				CLANG_WARN_INFINITE_RECURSION = YES;
				CLANG_WARN_INT_CONVERSION = YES;
				CLANG_WARN_NON_LITERAL_NULL_CONVERSION = YES;
				CLANG_WARN_OBJC_IMPLICIT_RETAIN_SELF = YES;
				CLANG_WARN_OBJC_LITERAL_CONVERSION = YES;
				CLANG_WARN_OBJC_ROOT_CLASS = YES_ERROR;
				CLANG_WARN_QUOTED_INCLUDE_IN_FRAMEWORK_HEADER = YES;
				CLANG_WARN_RANGE_LOOP_ANALYSIS = YES;
				CLANG_WARN_STRICT_PROTOTYPES = YES;
				CLANG_WARN_SUSPICIOUS_MOVE = YES;
				CLANG_WARN_UNGUARDED_AVAILABILITY = YES_AGGRESSIVE;
				CLANG_WARN_UNREACHABLE_CODE = YES;
				CLANG_WARN__DUPLICATE_METHOD_MATCH = YES;
				COPY_PHASE_STRIP = NO;
				DEBUG_INFORMATION_FORMAT = dwarf;
				ENABLE_STRICT_OBJC_MSGSEND = YES;
				ENABLE_TESTABILITY = YES;
				GCC_C_LANGUAGE_STANDARD = gnu11;
				GCC_DYNAMIC_NO_PIC = NO;
				GCC_NO_COMMON_BLOCKS = YES;
				GCC_OPTIMIZATION_LEVEL = 0;
				GCC_PREPROCESSOR_DEFINITIONS = (
					"DEBUG=1",
					"$(inherited)",
				);
				GCC_WARN_64_TO_32_BIT_CONVERSION = YES;
				GCC_WARN_ABOUT_RETURN_TYPE = YES_ERROR;
				GCC_WARN_UNDECLARED_SELECTOR = YES;
				GCC_WARN_UNINITIALIZED_AUTOS = YES_AGGRESSIVE;
				GCC_WARN_UNUSED_FUNCTION = YES;
				GCC_WARN_UNUSED_VARIABLE = YES;
				MACOSX_DEPLOYMENT_TARGET = 11.2;
				MTL_ENABLE_DEBUG_INFO = INCLUDE_SOURCE;
				MTL_FAST_MATH = YES;
				ONLY_ACTIVE_ARCH = YES;
				SDKROOT = macosx;
				SWIFT_ACTIVE_COMPILATION_CONDITIONS = DEBUG;
				SWIFT_OPTIMIZATION_LEVEL = "-Onone";
			};
			name = Debug;
		};
		5295FE53265C7F5300AE007F /* Release */ = {
			isa = XCBuildConfiguration;
			buildSettings = {
				ALWAYS_SEARCH_USER_PATHS = NO;
				CLANG_ANALYZER_NONNULL = YES;
				CLANG_ANALYZER_NUMBER_OBJECT_CONVERSION = YES_AGGRESSIVE;
				CLANG_CXX_LANGUAGE_STANDARD = "gnu++14";
				CLANG_CXX_LIBRARY = "libc++";
				CLANG_ENABLE_MODULES = YES;
				CLANG_ENABLE_OBJC_ARC = YES;
				CLANG_ENABLE_OBJC_WEAK = YES;
				CLANG_WARN_BLOCK_CAPTURE_AUTORELEASING = YES;
				CLANG_WARN_BOOL_CONVERSION = YES;
				CLANG_WARN_COMMA = YES;
				CLANG_WARN_CONSTANT_CONVERSION = YES;
				CLANG_WARN_DEPRECATED_OBJC_IMPLEMENTATIONS = YES;
				CLANG_WARN_DIRECT_OBJC_ISA_USAGE = YES_ERROR;
				CLANG_WARN_DOCUMENTATION_COMMENTS = YES;
				CLANG_WARN_EMPTY_BODY = YES;
				CLANG_WARN_ENUM_CONVERSION = YES;
				CLANG_WARN_INFINITE_RECURSION = YES;
				CLANG_WARN_INT_CONVERSION = YES;
				CLANG_WARN_NON_LITERAL_NULL_CONVERSION = YES;
				CLANG_WARN_OBJC_IMPLICIT_RETAIN_SELF = YES;
				CLANG_WARN_OBJC_LITERAL_CONVERSION = YES;
				CLANG_WARN_OBJC_ROOT_CLASS = YES_ERROR;
				CLANG_WARN_QUOTED_INCLUDE_IN_FRAMEWORK_HEADER = YES;
				CLANG_WARN_RANGE_LOOP_ANALYSIS = YES;
				CLANG_WARN_STRICT_PROTOTYPES = YES;
				CLANG_WARN_SUSPICIOUS_MOVE = YES;
				CLANG_WARN_UNGUARDED_AVAILABILITY = YES_AGGRESSIVE;
				CLANG_WARN_UNREACHABLE_CODE = YES;
				CLANG_WARN__DUPLICATE_METHOD_MATCH = YES;
				COPY_PHASE_STRIP = NO;
				DEBUG_INFORMATION_FORMAT = "dwarf-with-dsym";
				ENABLE_NS_ASSERTIONS = NO;
				ENABLE_STRICT_OBJC_MSGSEND = YES;
				GCC_C_LANGUAGE_STANDARD = gnu11;
				GCC_NO_COMMON_BLOCKS = YES;
				GCC_WARN_64_TO_32_BIT_CONVERSION = YES;
				GCC_WARN_ABOUT_RETURN_TYPE = YES_ERROR;
				GCC_WARN_UNDECLARED_SELECTOR = YES;
				GCC_WARN_UNINITIALIZED_AUTOS = YES_AGGRESSIVE;
				GCC_WARN_UNUSED_FUNCTION = YES;
				GCC_WARN_UNUSED_VARIABLE = YES;
				MACOSX_DEPLOYMENT_TARGET = 11.2;
				MTL_ENABLE_DEBUG_INFO = NO;
				MTL_FAST_MATH = YES;
				SDKROOT = macosx;
				SWIFT_COMPILATION_MODE = wholemodule;
				SWIFT_OPTIMIZATION_LEVEL = "-O";
			};
			name = Release;
		};
		5295FE55265C7F5300AE007F /* Debug */ = {
			isa = XCBuildConfiguration;
			buildSettings = {
				ASSETCATALOG_COMPILER_APPICON_NAME = AppIcon;
				ASSETCATALOG_COMPILER_GLOBAL_ACCENT_COLOR_NAME = AccentColor;
				CODE_SIGN_ENTITLEMENTS = movementTest/movementTest.entitlements;
				CODE_SIGN_IDENTITY = "-";
				CODE_SIGN_STYLE = Automatic;
				COMBINE_HIDPI_IMAGES = YES;
				INFOPLIST_FILE = movementTest/Info.plist;
				LD_RUNPATH_SEARCH_PATHS = (
					"$(inherited)",
					"@executable_path/../Frameworks",
				);
				PRODUCT_BUNDLE_IDENTIFIER = SwiftGoose.movementTest;
				PRODUCT_NAME = "$(TARGET_NAME)";
				SWIFT_VERSION = 5.0;
			};
			name = Debug;
		};
		5295FE56265C7F5300AE007F /* Release */ = {
			isa = XCBuildConfiguration;
			buildSettings = {
				ASSETCATALOG_COMPILER_APPICON_NAME = AppIcon;
				ASSETCATALOG_COMPILER_GLOBAL_ACCENT_COLOR_NAME = AccentColor;
				CODE_SIGN_ENTITLEMENTS = movementTest/movementTest.entitlements;
				CODE_SIGN_IDENTITY = "-";
				CODE_SIGN_STYLE = Automatic;
				COMBINE_HIDPI_IMAGES = YES;
				INFOPLIST_FILE = movementTest/Info.plist;
				LD_RUNPATH_SEARCH_PATHS = (
					"$(inherited)",
					"@executable_path/../Frameworks",
				);
				PRODUCT_BUNDLE_IDENTIFIER = SwiftGoose.movementTest;
				PRODUCT_NAME = "$(TARGET_NAME)";
				SWIFT_VERSION = 5.0;
			};
			name = Release;
		};
/* End XCBuildConfiguration section */

/* Begin XCConfigurationList section */
		5295FE39265C7F4E00AE007F /* Build configuration list for PBXProject "movementTest" */ = {
			isa = XCConfigurationList;
			buildConfigurations = (
				5295FE52265C7F5300AE007F /* Debug */,
				5295FE53265C7F5300AE007F /* Release */,
			);
			defaultConfigurationIsVisible = 0;
			defaultConfigurationName = Release;
		};
		5295FE54265C7F5300AE007F /* Build configuration list for PBXNativeTarget "movementTest" */ = {
			isa = XCConfigurationList;
			buildConfigurations = (
				5295FE55265C7F5300AE007F /* Debug */,
				5295FE56265C7F5300AE007F /* Release */,
			);
			defaultConfigurationIsVisible = 0;
			defaultConfigurationName = Release;
		};
/* End XCConfigurationList section */
	};
	rootObject = 5295FE36265C7F4E00AE007F /* Project object */;
}
